
Microsoft Visual Studio Solution File, Format Version 12.00
# Visual Studio Version 17
VisualStudioVersion = 17.4.33110.190
MinimumVisualStudioVersion = 10.0.40219.1
Project("{FAE04EC0-301F-11D3-BF4B-00C04F79EFBC}") = "MovieLibrary.Web", "MovieLibrary.Web\MovieLibrary.Web.csproj", "{066CC92B-0E9D-4B70-B269-80A63D4247C2}"
EndProject
Global
	GlobalSection(SolutionConfigurationPlatforms) = preSolution
		Debug|Any CPU = Debug|Any CPU
		Release|Any CPU = Release|Any CPU
	EndGlobalSection
	GlobalSection(ProjectConfigurationPlatforms) = postSolution
		{066CC92B-0E9D-4B70-B269-80A63D4247C2}.Debug|Any CPU.ActiveCfg = Debug|Any CPU
		{066CC92B-0E9D-4B70-B269-80A63D4247C2}.Debug|Any CPU.Build.0 = Debug|Any CPU
		{066CC92B-0E9D-4B70-B269-80A63D4247C2}.Release|Any CPU.ActiveCfg = Release|Any CPU
		{066CC92B-0E9D-4B70-B269-80A63D4247C2}.Release|Any CPU.Build.0 = Release|Any CPU
	EndGlobalSection
	GlobalSection(SolutionProperties) = preSolution
		HideSolutionNode = FALSE
	EndGlobalSection
	GlobalSection(ExtensibilityGlobals) = postSolution
		SolutionGuid = {25F457C8-CD7D-419D-A0E6-941717B77265}
	EndGlobalSection
EndGlobal
